
Microsoft Visual Studio Solution File, Format Version 12.00
# Visual Studio Version 17
VisualStudioVersion = 17.5.2.0
MinimumVisualStudioVersion = 10.0.40219.1
Project("{2150E333-8FDC-42A3-9474-1A3956D46DE8}") = "src", "src", "{385D88B9-3C59-4AC1-B3A2-E8C311E0A588}"
EndProject
Project("{2150E333-8FDC-42A3-9474-1A3956D46DE8}") = "InternalUserService", "InternalUserService", "{77675B7A-2741-65AF-B18E-A935AFEC5212}"
EndProject
Project("{FAE04EC0-301F-11D3-BF4B-00C04F79EFBC}") = "InternalUserService.API", "src\InternalUserService\InternalUserService.API\InternalUserService.API.csproj", "{AFE94986-C541-4D1A-959A-2D424724432C}"
EndProject
Project("{FAE04EC0-301F-11D3-BF4B-00C04F79EFBC}") = "InternalUserService.Domain", "src\InternalUserService\InternalUserService.Domain\InternalUserService.Domain.csproj", "{0FF4FDC5-50BA-417C-98FE-A62975734102}"
EndProject
Project("{FAE04EC0-301F-11D3-BF4B-00C04F79EFBC}") = "InternalUserService.Application", "src\InternalUserService\InternalUserService.Application\InternalUserService.Application.csproj", "{C5B21860-3878-4E01-BBF4-F2D41F5D26E6}"
EndProject
Project("{FAE04EC0-301F-11D3-BF4B-00C04F79EFBC}") = "InternalUserService.Infrastructure", "src\InternalUserService\InternalUserService.Infrastructure\InternalUserService.Infrastructure.csproj", "{9B0D9DB8-CC12-4505-B499-13EC11904629}"
EndProject
Project("{FAE04EC0-301F-11D3-BF4B-00C04F79EFBC}") = "SharedKernel", "src\SharedKernel\SharedKernel.csproj", "{CCE032D3-2DF9-46B9-B984-137832893959}"
EndProject
Project("{2150E333-8FDC-42A3-9474-1A3956D46DE8}") = "Itens de Solução", "Itens de Solução", "{380A7511-A354-6D7A-0CC0-8FA1F1BA7B6C}"
	ProjectSection(SolutionItems) = preProject
		.editorconfig = .editorconfig
		Directory.Build.props = Directory.Build.props
		Directory.Packages.props = Directory.Packages.props
	EndProjectSection
EndProject
Project("{2150E333-8FDC-42A3-9474-1A3956D46DE8}") = "NotificationService", "NotificationService", "{02EA681E-C7D8-13C7-8484-4AC65E1B71E8}"
EndProject
Project("{FAE04EC0-301F-11D3-BF4B-00C04F79EFBC}") = "NotificationService.API", "src\NotificationService\NotificationService.API\NotificationService.API.csproj", "{933F8974-1F68-1DC1-0C69-7C51A3F0CD9F}"
EndProject
Project("{FAE04EC0-301F-11D3-BF4B-00C04F79EFBC}") = "NotificationService.Application", "src\NotificationService\NotificationService.Application\NotificationService.Application.csproj", "{52373A06-759C-E970-1FD1-355B54CA060E}"
EndProject
Project("{FAE04EC0-301F-11D3-BF4B-00C04F79EFBC}") = "NotificationService.Infrastructure", "src\NotificationService\NotificationService.Infrastructure\NotificationService.Infrastructure.csproj", "{CA6AA31E-2319-CCE3-C984-D4A6E067D473}"
EndProject
Project("{FAE04EC0-301F-11D3-BF4B-00C04F79EFBC}") = "NotificationService.Domain", "src\NotificationService\NotificationService.Domain\NotificationService.Domain.csproj", "{51A285D0-7D4F-49F7-9555-51FE42A5ED0E}"
EndProject
Global
	GlobalSection(SolutionConfigurationPlatforms) = preSolution
		Debug|Any CPU = Debug|Any CPU
		Debug|x64 = Debug|x64
		Debug|x86 = Debug|x86
		Release|Any CPU = Release|Any CPU
		Release|x64 = Release|x64
		Release|x86 = Release|x86
	EndGlobalSection
	GlobalSection(ProjectConfigurationPlatforms) = postSolution
		{AFE94986-C541-4D1A-959A-2D424724432C}.Debug|Any CPU.ActiveCfg = Debug|Any CPU
		{AFE94986-C541-4D1A-959A-2D424724432C}.Debug|Any CPU.Build.0 = Debug|Any CPU
		{AFE94986-C541-4D1A-959A-2D424724432C}.Debug|x64.ActiveCfg = Debug|Any CPU
		{AFE94986-C541-4D1A-959A-2D424724432C}.Debug|x64.Build.0 = Debug|Any CPU
		{AFE94986-C541-4D1A-959A-2D424724432C}.Debug|x86.ActiveCfg = Debug|Any CPU
		{AFE94986-C541-4D1A-959A-2D424724432C}.Debug|x86.Build.0 = Debug|Any CPU
		{AFE94986-C541-4D1A-959A-2D424724432C}.Release|Any CPU.ActiveCfg = Release|Any CPU
		{AFE94986-C541-4D1A-959A-2D424724432C}.Release|Any CPU.Build.0 = Release|Any CPU
		{AFE94986-C541-4D1A-959A-2D424724432C}.Release|x64.ActiveCfg = Release|Any CPU
		{AFE94986-C541-4D1A-959A-2D424724432C}.Release|x64.Build.0 = Release|Any CPU
		{AFE94986-C541-4D1A-959A-2D424724432C}.Release|x86.ActiveCfg = Release|Any CPU
		{AFE94986-C541-4D1A-959A-2D424724432C}.Release|x86.Build.0 = Release|Any CPU
		{0FF4FDC5-50BA-417C-98FE-A62975734102}.Debug|Any CPU.ActiveCfg = Debug|Any CPU
		{0FF4FDC5-50BA-417C-98FE-A62975734102}.Debug|Any CPU.Build.0 = Debug|Any CPU
		{0FF4FDC5-50BA-417C-98FE-A62975734102}.Debug|x64.ActiveCfg = Debug|Any CPU
		{0FF4FDC5-50BA-417C-98FE-A62975734102}.Debug|x64.Build.0 = Debug|Any CPU
		{0FF4FDC5-50BA-417C-98FE-A62975734102}.Debug|x86.ActiveCfg = Debug|Any CPU
		{0FF4FDC5-50BA-417C-98FE-A62975734102}.Debug|x86.Build.0 = Debug|Any CPU
		{0FF4FDC5-50BA-417C-98FE-A62975734102}.Release|Any CPU.ActiveCfg = Release|Any CPU
		{0FF4FDC5-50BA-417C-98FE-A62975734102}.Release|Any CPU.Build.0 = Release|Any CPU
		{0FF4FDC5-50BA-417C-98FE-A62975734102}.Release|x64.ActiveCfg = Release|Any CPU
		{0FF4FDC5-50BA-417C-98FE-A62975734102}.Release|x64.Build.0 = Release|Any CPU
		{0FF4FDC5-50BA-417C-98FE-A62975734102}.Release|x86.ActiveCfg = Release|Any CPU
		{0FF4FDC5-50BA-417C-98FE-A62975734102}.Release|x86.Build.0 = Release|Any CPU
		{C5B21860-3878-4E01-BBF4-F2D41F5D26E6}.Debug|Any CPU.ActiveCfg = Debug|Any CPU
		{C5B21860-3878-4E01-BBF4-F2D41F5D26E6}.Debug|Any CPU.Build.0 = Debug|Any CPU
		{C5B21860-3878-4E01-BBF4-F2D41F5D26E6}.Debug|x64.ActiveCfg = Debug|Any CPU
		{C5B21860-3878-4E01-BBF4-F2D41F5D26E6}.Debug|x64.Build.0 = Debug|Any CPU
		{C5B21860-3878-4E01-BBF4-F2D41F5D26E6}.Debug|x86.ActiveCfg = Debug|Any CPU
		{C5B21860-3878-4E01-BBF4-F2D41F5D26E6}.Debug|x86.Build.0 = Debug|Any CPU
		{C5B21860-3878-4E01-BBF4-F2D41F5D26E6}.Release|Any CPU.ActiveCfg = Release|Any CPU
		{C5B21860-3878-4E01-BBF4-F2D41F5D26E6}.Release|Any CPU.Build.0 = Release|Any CPU
		{C5B21860-3878-4E01-BBF4-F2D41F5D26E6}.Release|x64.ActiveCfg = Release|Any CPU
		{C5B21860-3878-4E01-BBF4-F2D41F5D26E6}.Release|x64.Build.0 = Release|Any CPU
		{C5B21860-3878-4E01-BBF4-F2D41F5D26E6}.Release|x86.ActiveCfg = Release|Any CPU
		{C5B21860-3878-4E01-BBF4-F2D41F5D26E6}.Release|x86.Build.0 = Release|Any CPU
		{9B0D9DB8-CC12-4505-B499-13EC11904629}.Debug|Any CPU.ActiveCfg = Debug|Any CPU
		{9B0D9DB8-CC12-4505-B499-13EC11904629}.Debug|Any CPU.Build.0 = Debug|Any CPU
		{9B0D9DB8-CC12-4505-B499-13EC11904629}.Debug|x64.ActiveCfg = Debug|Any CPU
		{9B0D9DB8-CC12-4505-B499-13EC11904629}.Debug|x64.Build.0 = Debug|Any CPU
		{9B0D9DB8-CC12-4505-B499-13EC11904629}.Debug|x86.ActiveCfg = Debug|Any CPU
		{9B0D9DB8-CC12-4505-B499-13EC11904629}.Debug|x86.Build.0 = Debug|Any CPU
		{9B0D9DB8-CC12-4505-B499-13EC11904629}.Release|Any CPU.ActiveCfg = Release|Any CPU
		{9B0D9DB8-CC12-4505-B499-13EC11904629}.Release|Any CPU.Build.0 = Release|Any CPU
		{9B0D9DB8-CC12-4505-B499-13EC11904629}.Release|x64.ActiveCfg = Release|Any CPU
		{9B0D9DB8-CC12-4505-B499-13EC11904629}.Release|x64.Build.0 = Release|Any CPU
		{9B0D9DB8-CC12-4505-B499-13EC11904629}.Release|x86.ActiveCfg = Release|Any CPU
		{9B0D9DB8-CC12-4505-B499-13EC11904629}.Release|x86.Build.0 = Release|Any CPU
		{CCE032D3-2DF9-46B9-B984-137832893959}.Debug|Any CPU.ActiveCfg = Debug|Any CPU
		{CCE032D3-2DF9-46B9-B984-137832893959}.Debug|Any CPU.Build.0 = Debug|Any CPU
		{CCE032D3-2DF9-46B9-B984-137832893959}.Debug|x64.ActiveCfg = Debug|Any CPU
		{CCE032D3-2DF9-46B9-B984-137832893959}.Debug|x64.Build.0 = Debug|Any CPU
		{CCE032D3-2DF9-46B9-B984-137832893959}.Debug|x86.ActiveCfg = Debug|Any CPU
		{CCE032D3-2DF9-46B9-B984-137832893959}.Debug|x86.Build.0 = Debug|Any CPU
		{CCE032D3-2DF9-46B9-B984-137832893959}.Release|Any CPU.ActiveCfg = Release|Any CPU
		{CCE032D3-2DF9-46B9-B984-137832893959}.Release|Any CPU.Build.0 = Release|Any CPU
		{CCE032D3-2DF9-46B9-B984-137832893959}.Release|x64.ActiveCfg = Release|Any CPU
		{CCE032D3-2DF9-46B9-B984-137832893959}.Release|x64.Build.0 = Release|Any CPU
		{CCE032D3-2DF9-46B9-B984-137832893959}.Release|x86.ActiveCfg = Release|Any CPU
		{CCE032D3-2DF9-46B9-B984-137832893959}.Release|x86.Build.0 = Release|Any CPU
		{933F8974-1F68-1DC1-0C69-7C51A3F0CD9F}.Debug|Any CPU.ActiveCfg = Debug|Any CPU
		{933F8974-1F68-1DC1-0C69-7C51A3F0CD9F}.Debug|Any CPU.Build.0 = Debug|Any CPU
		{933F8974-1F68-1DC1-0C69-7C51A3F0CD9F}.Debug|x64.ActiveCfg = Debug|Any CPU
		{933F8974-1F68-1DC1-0C69-7C51A3F0CD9F}.Debug|x64.Build.0 = Debug|Any CPU
		{933F8974-1F68-1DC1-0C69-7C51A3F0CD9F}.Debug|x86.ActiveCfg = Debug|Any CPU
		{933F8974-1F68-1DC1-0C69-7C51A3F0CD9F}.Debug|x86.Build.0 = Debug|Any CPU
		{933F8974-1F68-1DC1-0C69-7C51A3F0CD9F}.Release|Any CPU.ActiveCfg = Release|Any CPU
		{933F8974-1F68-1DC1-0C69-7C51A3F0CD9F}.Release|Any CPU.Build.0 = Release|Any CPU
		{933F8974-1F68-1DC1-0C69-7C51A3F0CD9F}.Release|x64.ActiveCfg = Release|Any CPU
		{933F8974-1F68-1DC1-0C69-7C51A3F0CD9F}.Release|x64.Build.0 = Release|Any CPU
		{933F8974-1F68-1DC1-0C69-7C51A3F0CD9F}.Release|x86.ActiveCfg = Release|Any CPU
		{933F8974-1F68-1DC1-0C69-7C51A3F0CD9F}.Release|x86.Build.0 = Release|Any CPU
		{52373A06-759C-E970-1FD1-355B54CA060E}.Debug|Any CPU.ActiveCfg = Debug|Any CPU
		{52373A06-759C-E970-1FD1-355B54CA060E}.Debug|Any CPU.Build.0 = Debug|Any CPU
		{52373A06-759C-E970-1FD1-355B54CA060E}.Debug|x64.ActiveCfg = Debug|Any CPU
		{52373A06-759C-E970-1FD1-355B54CA060E}.Debug|x64.Build.0 = Debug|Any CPU
		{52373A06-759C-E970-1FD1-355B54CA060E}.Debug|x86.ActiveCfg = Debug|Any CPU
		{52373A06-759C-E970-1FD1-355B54CA060E}.Debug|x86.Build.0 = Debug|Any CPU
		{52373A06-759C-E970-1FD1-355B54CA060E}.Release|Any CPU.ActiveCfg = Release|Any CPU
		{52373A06-759C-E970-1FD1-355B54CA060E}.Release|Any CPU.Build.0 = Release|Any CPU
		{52373A06-759C-E970-1FD1-355B54CA060E}.Release|x64.ActiveCfg = Release|Any CPU
		{52373A06-759C-E970-1FD1-355B54CA060E}.Release|x64.Build.0 = Release|Any CPU
		{52373A06-759C-E970-1FD1-355B54CA060E}.Release|x86.ActiveCfg = Release|Any CPU
		{52373A06-759C-E970-1FD1-355B54CA060E}.Release|x86.Build.0 = Release|Any CPU
		{CA6AA31E-2319-CCE3-C984-D4A6E067D473}.Debug|Any CPU.ActiveCfg = Debug|Any CPU
		{CA6AA31E-2319-CCE3-C984-D4A6E067D473}.Debug|Any CPU.Build.0 = Debug|Any CPU
		{CA6AA31E-2319-CCE3-C984-D4A6E067D473}.Debug|x64.ActiveCfg = Debug|Any CPU
		{CA6AA31E-2319-CCE3-C984-D4A6E067D473}.Debug|x64.Build.0 = Debug|Any CPU
		{CA6AA31E-2319-CCE3-C984-D4A6E067D473}.Debug|x86.ActiveCfg = Debug|Any CPU
		{CA6AA31E-2319-CCE3-C984-D4A6E067D473}.Debug|x86.Build.0 = Debug|Any CPU
		{CA6AA31E-2319-CCE3-C984-D4A6E067D473}.Release|Any CPU.ActiveCfg = Release|Any CPU
		{CA6AA31E-2319-CCE3-C984-D4A6E067D473}.Release|Any CPU.Build.0 = Release|Any CPU
		{CA6AA31E-2319-CCE3-C984-D4A6E067D473}.Release|x64.ActiveCfg = Release|Any CPU
		{CA6AA31E-2319-CCE3-C984-D4A6E067D473}.Release|x64.Build.0 = Release|Any CPU
		{CA6AA31E-2319-CCE3-C984-D4A6E067D473}.Release|x86.ActiveCfg = Release|Any CPU
		{CA6AA31E-2319-CCE3-C984-D4A6E067D473}.Release|x86.Build.0 = Release|Any CPU
		{51A285D0-7D4F-49F7-9555-51FE42A5ED0E}.Debug|Any CPU.ActiveCfg = Debug|Any CPU
		{51A285D0-7D4F-49F7-9555-51FE42A5ED0E}.Debug|Any CPU.Build.0 = Debug|Any CPU
		{51A285D0-7D4F-49F7-9555-51FE42A5ED0E}.Debug|x64.ActiveCfg = Debug|Any CPU
		{51A285D0-7D4F-49F7-9555-51FE42A5ED0E}.Debug|x64.Build.0 = Debug|Any CPU
		{51A285D0-7D4F-49F7-9555-51FE42A5ED0E}.Debug|x86.ActiveCfg = Debug|Any CPU
		{51A285D0-7D4F-49F7-9555-51FE42A5ED0E}.Debug|x86.Build.0 = Debug|Any CPU
		{51A285D0-7D4F-49F7-9555-51FE42A5ED0E}.Release|Any CPU.ActiveCfg = Release|Any CPU
		{51A285D0-7D4F-49F7-9555-51FE42A5ED0E}.Release|Any CPU.Build.0 = Release|Any CPU
		{51A285D0-7D4F-49F7-9555-51FE42A5ED0E}.Release|x64.ActiveCfg = Release|Any CPU
		{51A285D0-7D4F-49F7-9555-51FE42A5ED0E}.Release|x64.Build.0 = Release|Any CPU
		{51A285D0-7D4F-49F7-9555-51FE42A5ED0E}.Release|x86.ActiveCfg = Release|Any CPU
		{51A285D0-7D4F-49F7-9555-51FE42A5ED0E}.Release|x86.Build.0 = Release|Any CPU
	EndGlobalSection
	GlobalSection(SolutionProperties) = preSolution
		HideSolutionNode = FALSE
	EndGlobalSection
	GlobalSection(NestedProjects) = preSolution
		{77675B7A-2741-65AF-B18E-A935AFEC5212} = {385D88B9-3C59-4AC1-B3A2-E8C311E0A588}
		{AFE94986-C541-4D1A-959A-2D424724432C} = {77675B7A-2741-65AF-B18E-A935AFEC5212}
		{0FF4FDC5-50BA-417C-98FE-A62975734102} = {77675B7A-2741-65AF-B18E-A935AFEC5212}
		{C5B21860-3878-4E01-BBF4-F2D41F5D26E6} = {77675B7A-2741-65AF-B18E-A935AFEC5212}
		{9B0D9DB8-CC12-4505-B499-13EC11904629} = {77675B7A-2741-65AF-B18E-A935AFEC5212}
		{CCE032D3-2DF9-46B9-B984-137832893959} = {385D88B9-3C59-4AC1-B3A2-E8C311E0A588}
		{02EA681E-C7D8-13C7-8484-4AC65E1B71E8} = {385D88B9-3C59-4AC1-B3A2-E8C311E0A588}
		{933F8974-1F68-1DC1-0C69-7C51A3F0CD9F} = {02EA681E-C7D8-13C7-8484-4AC65E1B71E8}
		{52373A06-759C-E970-1FD1-355B54CA060E} = {02EA681E-C7D8-13C7-8484-4AC65E1B71E8}
		{CA6AA31E-2319-CCE3-C984-D4A6E067D473} = {02EA681E-C7D8-13C7-8484-4AC65E1B71E8}
		{51A285D0-7D4F-49F7-9555-51FE42A5ED0E} = {02EA681E-C7D8-13C7-8484-4AC65E1B71E8}
	EndGlobalSection
	GlobalSection(ExtensibilityGlobals) = postSolution
		SolutionGuid = {70A0FE06-DD12-47E1-B0EC-4A3BED4CEDF3}
	EndGlobalSection
EndGlobal
